// !$*UTF8*$!
{
	archiveVersion = 1;
	classes = {
	};
	objectVersion = 56;
	objects = {

/* Begin PBXBuildFile section */
		558D4C95299AEC6C006FFF97 /* MindEatsApp.swift in Sources */ = {isa = PBXBuildFile; fileRef = 558D4C94299AEC6C006FFF97 /* MindEatsApp.swift */; };
		558D4C97299AEC6C006FFF97 /* ContentView.swift in Sources */ = {isa = PBXBuildFile; fileRef = 558D4C96299AEC6C006FFF97 /* ContentView.swift */; };
		558D4C99299AEC6D006FFF97 /* Assets.xcassets in Resources */ = {isa = PBXBuildFile; fileRef = 558D4C98299AEC6D006FFF97 /* Assets.xcassets */; };
		558D4C9D299AEC6D006FFF97 /* Preview Assets.xcassets in Resources */ = {isa = PBXBuildFile; fileRef = 558D4C9C299AEC6D006FFF97 /* Preview Assets.xcassets */; };
		558D4CA7299AEC6D006FFF97 /* MindEatsTests.swift in Sources */ = {isa = PBXBuildFile; fileRef = 558D4CA6299AEC6D006FFF97 /* MindEatsTests.swift */; };
		558D4CB1299AEC6D006FFF97 /* MindEatsUITests.swift in Sources */ = {isa = PBXBuildFile; fileRef = 558D4CB0299AEC6D006FFF97 /* MindEatsUITests.swift */; };
		558D4CB3299AEC6D006FFF97 /* MindEatsUITestsLaunchTests.swift in Sources */ = {isa = PBXBuildFile; fileRef = 558D4CB2299AEC6D006FFF97 /* MindEatsUITestsLaunchTests.swift */; };
		558D4CC0299C27F8006FFF97 /* LogInView.swift in Sources */ = {isa = PBXBuildFile; fileRef = 558D4CBF299C27F8006FFF97 /* LogInView.swift */; };
		558D4CC2299C2FD1006FFF97 /* HomeView.swift in Sources */ = {isa = PBXBuildFile; fileRef = 558D4CC1299C2FD1006FFF97 /* HomeView.swift */; };
		558D4CC4299C56CC006FFF97 /* CategoriesView.swift in Sources */ = {isa = PBXBuildFile; fileRef = 558D4CC3299C56CC006FFF97 /* CategoriesView.swift */; };
		558D4CC6299C8CDC006FFF97 /* HistoryView.swift in Sources */ = {isa = PBXBuildFile; fileRef = 558D4CC5299C8CDC006FFF97 /* HistoryView.swift */; };
		558D4CC8299C8CE9006FFF97 /* ProfileView.swift in Sources */ = {isa = PBXBuildFile; fileRef = 558D4CC7299C8CE9006FFF97 /* ProfileView.swift */; };
		558D4CCC299C99A0006FFF97 /* Notes.txt in Resources */ = {isa = PBXBuildFile; fileRef = 558D4CCB299C99A0006FFF97 /* Notes.txt */; };
		558D4CD2299D411D006FFF97 /* health_facts.json in Resources */ = {isa = PBXBuildFile; fileRef = 558D4CD1299D411D006FFF97 /* health_facts.json */; };
		558D4CD4299D5358006FFF97 /* categories.json in Resources */ = {isa = PBXBuildFile; fileRef = 558D4CD3299D5358006FFF97 /* categories.json */; };
		558D4CD6299D90E2006FFF97 /* CategoryView.swift in Sources */ = {isa = PBXBuildFile; fileRef = 558D4CD5299D90E2006FFF97 /* CategoryView.swift */; };
		558D4CD829A51085006FFF97 /* SignUpView.swift in Sources */ = {isa = PBXBuildFile; fileRef = 558D4CD729A51084006FFF97 /* SignUpView.swift */; };
		558D4CDA29A531D9006FFF97 /* MealListView.swift in Sources */ = {isa = PBXBuildFile; fileRef = 558D4CD929A531D9006FFF97 /* MealListView.swift */; };
/* End PBXBuildFile section */

/* Begin PBXContainerItemProxy section */
		558D4CA3299AEC6D006FFF97 /* PBXContainerItemProxy */ = {
			isa = PBXContainerItemProxy;
			containerPortal = 558D4C89299AEC6C006FFF97 /* Project object */;
			proxyType = 1;
			remoteGlobalIDString = 558D4C90299AEC6C006FFF97;
			remoteInfo = MindEats;
		};
		558D4CAD299AEC6D006FFF97 /* PBXContainerItemProxy */ = {
			isa = PBXContainerItemProxy;
			containerPortal = 558D4C89299AEC6C006FFF97 /* Project object */;
			proxyType = 1;
			remoteGlobalIDString = 558D4C90299AEC6C006FFF97;
			remoteInfo = MindEats;
		};
/* End PBXContainerItemProxy section */

/* Begin PBXFileReference section */
		558D4C91299AEC6C006FFF97 /* MindEats.app */ = {isa = PBXFileReference; explicitFileType = wrapper.application; includeInIndex = 0; path = MindEats.app; sourceTree = BUILT_PRODUCTS_DIR; };
		558D4C94299AEC6C006FFF97 /* MindEatsApp.swift */ = {isa = PBXFileReference; lastKnownFileType = sourcecode.swift; path = MindEatsApp.swift; sourceTree = "<group>"; };
		558D4C96299AEC6C006FFF97 /* ContentView.swift */ = {isa = PBXFileReference; lastKnownFileType = sourcecode.swift; path = ContentView.swift; sourceTree = "<group>"; };
		558D4C98299AEC6D006FFF97 /* Assets.xcassets */ = {isa = PBXFileReference; lastKnownFileType = folder.assetcatalog; path = Assets.xcassets; sourceTree = "<group>"; };
		558D4C9A299AEC6D006FFF97 /* MindEats.entitlements */ = {isa = PBXFileReference; lastKnownFileType = text.plist.entitlements; path = MindEats.entitlements; sourceTree = "<group>"; };
		558D4C9C299AEC6D006FFF97 /* Preview Assets.xcassets */ = {isa = PBXFileReference; lastKnownFileType = folder.assetcatalog; path = "Preview Assets.xcassets"; sourceTree = "<group>"; };
		558D4CA2299AEC6D006FFF97 /* MindEatsTests.xctest */ = {isa = PBXFileReference; explicitFileType = wrapper.cfbundle; includeInIndex = 0; path = MindEatsTests.xctest; sourceTree = BUILT_PRODUCTS_DIR; };
		558D4CA6299AEC6D006FFF97 /* MindEatsTests.swift */ = {isa = PBXFileReference; lastKnownFileType = sourcecode.swift; path = MindEatsTests.swift; sourceTree = "<group>"; };
		558D4CAC299AEC6D006FFF97 /* MindEatsUITests.xctest */ = {isa = PBXFileReference; explicitFileType = wrapper.cfbundle; includeInIndex = 0; path = MindEatsUITests.xctest; sourceTree = BUILT_PRODUCTS_DIR; };
		558D4CB0299AEC6D006FFF97 /* MindEatsUITests.swift */ = {isa = PBXFileReference; lastKnownFileType = sourcecode.swift; path = MindEatsUITests.swift; sourceTree = "<group>"; };
		558D4CB2299AEC6D006FFF97 /* MindEatsUITestsLaunchTests.swift */ = {isa = PBXFileReference; lastKnownFileType = sourcecode.swift; path = MindEatsUITestsLaunchTests.swift; sourceTree = "<group>"; };
		558D4CBF299C27F8006FFF97 /* LogInView.swift */ = {isa = PBXFileReference; lastKnownFileType = sourcecode.swift; path = LogInView.swift; sourceTree = "<group>"; };
		558D4CC1299C2FD1006FFF97 /* HomeView.swift */ = {isa = PBXFileReference; lastKnownFileType = sourcecode.swift; path = HomeView.swift; sourceTree = "<group>"; };
		558D4CC3299C56CC006FFF97 /* CategoriesView.swift */ = {isa = PBXFileReference; lastKnownFileType = sourcecode.swift; path = CategoriesView.swift; sourceTree = "<group>"; };
		558D4CC5299C8CDC006FFF97 /* HistoryView.swift */ = {isa = PBXFileReference; lastKnownFileType = sourcecode.swift; path = HistoryView.swift; sourceTree = "<group>"; };
		558D4CC7299C8CE9006FFF97 /* ProfileView.swift */ = {isa = PBXFileReference; lastKnownFileType = sourcecode.swift; path = ProfileView.swift; sourceTree = "<group>"; };
		558D4CCB299C99A0006FFF97 /* Notes.txt */ = {isa = PBXFileReference; lastKnownFileType = text; path = Notes.txt; sourceTree = "<group>"; };
		558D4CD1299D411D006FFF97 /* health_facts.json */ = {isa = PBXFileReference; lastKnownFileType = text.json; path = health_facts.json; sourceTree = "<group>"; };
		558D4CD3299D5358006FFF97 /* categories.json */ = {isa = PBXFileReference; lastKnownFileType = text.json; path = categories.json; sourceTree = "<group>"; };
		558D4CD5299D90E2006FFF97 /* CategoryView.swift */ = {isa = PBXFileReference; fileEncoding = 4; lastKnownFileType = sourcecode.swift; path = CategoryView.swift; sourceTree = "<group>"; };
		558D4CD729A51084006FFF97 /* SignUpView.swift */ = {isa = PBXFileReference; lastKnownFileType = sourcecode.swift; path = SignUpView.swift; sourceTree = "<group>"; };
		558D4CD929A531D9006FFF97 /* MealListView.swift */ = {isa = PBXFileReference; lastKnownFileType = sourcecode.swift; path = MealListView.swift; sourceTree = "<group>"; };
/* End PBXFileReference section */

/* Begin PBXFrameworksBuildPhase section */
		558D4C8E299AEC6C006FFF97 /* Frameworks */ = {
			isa = PBXFrameworksBuildPhase;
			buildActionMask = 2147483647;
			files = (
			);
			runOnlyForDeploymentPostprocessing = 0;
		};
		558D4C9F299AEC6D006FFF97 /* Frameworks */ = {
			isa = PBXFrameworksBuildPhase;
			buildActionMask = 2147483647;
			files = (
			);
			runOnlyForDeploymentPostprocessing = 0;
		};
		558D4CA9299AEC6D006FFF97 /* Frameworks */ = {
			isa = PBXFrameworksBuildPhase;
			buildActionMask = 2147483647;
			files = (
			);
			runOnlyForDeploymentPostprocessing = 0;
		};
/* End PBXFrameworksBuildPhase section */

/* Begin PBXGroup section */
		558D4C88299AEC6C006FFF97 = {
			isa = PBXGroup;
			children = (
				558D4CCB299C99A0006FFF97 /* Notes.txt */,
				558D4C93299AEC6C006FFF97 /* MindEats */,
				558D4CA5299AEC6D006FFF97 /* MindEatsTests */,
				558D4CAF299AEC6D006FFF97 /* MindEatsUITests */,
				558D4C92299AEC6C006FFF97 /* Products */,
			);
			sourceTree = "<group>";
		};
		558D4C92299AEC6C006FFF97 /* Products */ = {
			isa = PBXGroup;
			children = (
				558D4C91299AEC6C006FFF97 /* MindEats.app */,
				558D4CA2299AEC6D006FFF97 /* MindEatsTests.xctest */,
				558D4CAC299AEC6D006FFF97 /* MindEatsUITests.xctest */,
			);
			name = Products;
			sourceTree = "<group>";
		};
		558D4C93299AEC6C006FFF97 /* MindEats */ = {
			isa = PBXGroup;
			children = (
				558D4CC1299C2FD1006FFF97 /* HomeView.swift */,
				558D4CC5299C8CDC006FFF97 /* HistoryView.swift */,
				558D4CBF299C27F8006FFF97 /* LogInView.swift */,
				558D4CC7299C8CE9006FFF97 /* ProfileView.swift */,
				558D4C94299AEC6C006FFF97 /* MindEatsApp.swift */,
				558D4CD3299D5358006FFF97 /* categories.json */,
				558D4CD5299D90E2006FFF97 /* CategoryView.swift */,
				558D4C96299AEC6C006FFF97 /* ContentView.swift */,
				558D4CD1299D411D006FFF97 /* health_facts.json */,
				558D4CC3299C56CC006FFF97 /* CategoriesView.swift */,
				558D4C98299AEC6D006FFF97 /* Assets.xcassets */,
				558D4C9A299AEC6D006FFF97 /* MindEats.entitlements */,
				558D4C9B299AEC6D006FFF97 /* Preview Content */,
				558D4CD729A51084006FFF97 /* SignUpView.swift */,
				558D4CD929A531D9006FFF97 /* MealListView.swift */,
			);
			path = MindEats;
			sourceTree = "<group>";
		};
		558D4C9B299AEC6D006FFF97 /* Preview Content */ = {
			isa = PBXGroup;
			children = (
				558D4C9C299AEC6D006FFF97 /* Preview Assets.xcassets */,
			);
			path = "Preview Content";
			sourceTree = "<group>";
		};
		558D4CA5299AEC6D006FFF97 /* MindEatsTests */ = {
			isa = PBXGroup;
			children = (
				558D4CA6299AEC6D006FFF97 /* MindEatsTests.swift */,
			);
			path = MindEatsTests;
			sourceTree = "<group>";
		};
		558D4CAF299AEC6D006FFF97 /* MindEatsUITests */ = {
			isa = PBXGroup;
			children = (
				558D4CB0299AEC6D006FFF97 /* MindEatsUITests.swift */,
				558D4CB2299AEC6D006FFF97 /* MindEatsUITestsLaunchTests.swift */,
			);
			path = MindEatsUITests;
			sourceTree = "<group>";
		};
/* End PBXGroup section */

/* Begin PBXNativeTarget section */
		558D4C90299AEC6C006FFF97 /* MindEats */ = {
			isa = PBXNativeTarget;
			buildConfigurationList = 558D4CB6299AEC6D006FFF97 /* Build configuration list for PBXNativeTarget "MindEats" */;
			buildPhases = (
				558D4C8D299AEC6C006FFF97 /* Sources */,
				558D4C8E299AEC6C006FFF97 /* Frameworks */,
				558D4C8F299AEC6C006FFF97 /* Resources */,
			);
			buildRules = (
			);
			dependencies = (
			);
			name = MindEats;
			productName = MindEats;
			productReference = 558D4C91299AEC6C006FFF97 /* MindEats.app */;
			productType = "com.apple.product-type.application";
		};
		558D4CA1299AEC6D006FFF97 /* MindEatsTests */ = {
			isa = PBXNativeTarget;
			buildConfigurationList = 558D4CB9299AEC6D006FFF97 /* Build configuration list for PBXNativeTarget "MindEatsTests" */;
			buildPhases = (
				558D4C9E299AEC6D006FFF97 /* Sources */,
				558D4C9F299AEC6D006FFF97 /* Frameworks */,
				558D4CA0299AEC6D006FFF97 /* Resources */,
			);
			buildRules = (
			);
			dependencies = (
				558D4CA4299AEC6D006FFF97 /* PBXTargetDependency */,
			);
			name = MindEatsTests;
			productName = MindEatsTests;
			productReference = 558D4CA2299AEC6D006FFF97 /* MindEatsTests.xctest */;
			productType = "com.apple.product-type.bundle.unit-test";
		};
		558D4CAB299AEC6D006FFF97 /* MindEatsUITests */ = {
			isa = PBXNativeTarget;
			buildConfigurationList = 558D4CBC299AEC6D006FFF97 /* Build configuration list for PBXNativeTarget "MindEatsUITests" */;
			buildPhases = (
				558D4CA8299AEC6D006FFF97 /* Sources */,
				558D4CA9299AEC6D006FFF97 /* Frameworks */,
				558D4CAA299AEC6D006FFF97 /* Resources */,
			);
			buildRules = (
			);
			dependencies = (
				558D4CAE299AEC6D006FFF97 /* PBXTargetDependency */,
			);
			name = MindEatsUITests;
			productName = MindEatsUITests;
			productReference = 558D4CAC299AEC6D006FFF97 /* MindEatsUITests.xctest */;
			productType = "com.apple.product-type.bundle.ui-testing";
		};
/* End PBXNativeTarget section */

/* Begin PBXProject section */
		558D4C89299AEC6C006FFF97 /* Project object */ = {
			isa = PBXProject;
			attributes = {
				BuildIndependentTargetsInParallel = 1;
				LastSwiftUpdateCheck = 1420;
				LastUpgradeCheck = 1420;
				TargetAttributes = {
					558D4C90299AEC6C006FFF97 = {
						CreatedOnToolsVersion = 14.2;
					};
					558D4CA1299AEC6D006FFF97 = {
						CreatedOnToolsVersion = 14.2;
						TestTargetID = 558D4C90299AEC6C006FFF97;
					};
					558D4CAB299AEC6D006FFF97 = {
						CreatedOnToolsVersion = 14.2;
						TestTargetID = 558D4C90299AEC6C006FFF97;
					};
				};
			};
			buildConfigurationList = 558D4C8C299AEC6C006FFF97 /* Build configuration list for PBXProject "MindEats" */;
			compatibilityVersion = "Xcode 14.0";
			developmentRegion = en;
			hasScannedForEncodings = 0;
			knownRegions = (
				en,
				Base,
			);
			mainGroup = 558D4C88299AEC6C006FFF97;
			productRefGroup = 558D4C92299AEC6C006FFF97 /* Products */;
			projectDirPath = "";
			projectRoot = "";
			targets = (
				558D4C90299AEC6C006FFF97 /* MindEats */,
				558D4CA1299AEC6D006FFF97 /* MindEatsTests */,
				558D4CAB299AEC6D006FFF97 /* MindEatsUITests */,
			);
		};
/* End PBXProject section */

/* Begin PBXResourcesBuildPhase section */
		558D4C8F299AEC6C006FFF97 /* Resources */ = {
			isa = PBXResourcesBuildPhase;
			buildActionMask = 2147483647;
			files = (
				558D4C9D299AEC6D006FFF97 /* Preview Assets.xcassets in Resources */,
				558D4CCC299C99A0006FFF97 /* Notes.txt in Resources */,
				558D4C99299AEC6D006FFF97 /* Assets.xcassets in Resources */,
				558D4CD4299D5358006FFF97 /* categories.json in Resources */,
				558D4CD2299D411D006FFF97 /* health_facts.json in Resources */,
			);
			runOnlyForDeploymentPostprocessing = 0;
		};
		558D4CA0299AEC6D006FFF97 /* Resources */ = {
			isa = PBXResourcesBuildPhase;
			buildActionMask = 2147483647;
			files = (
			);
			runOnlyForDeploymentPostprocessing = 0;
		};
		558D4CAA299AEC6D006FFF97 /* Resources */ = {
			isa = PBXResourcesBuildPhase;
			buildActionMask = 2147483647;
			files = (
			);
			runOnlyForDeploymentPostprocessing = 0;
		};
/* End PBXResourcesBuildPhase section */

/* Begin PBXSourcesBuildPhase section */
		558D4C8D299AEC6C006FFF97 /* Sources */ = {
			isa = PBXSourcesBuildPhase;
			buildActionMask = 2147483647;
			files = (
				558D4CC0299C27F8006FFF97 /* LogInView.swift in Sources */,
				558D4CC6299C8CDC006FFF97 /* HistoryView.swift in Sources */,
				558D4CC2299C2FD1006FFF97 /* HomeView.swift in Sources */,
				558D4C97299AEC6C006FFF97 /* ContentView.swift in Sources */,
				558D4CC4299C56CC006FFF97 /* CategoriesView.swift in Sources */,
				558D4CC8299C8CE9006FFF97 /* ProfileView.swift in Sources */,
				558D4C95299AEC6C006FFF97 /* MindEatsApp.swift in Sources */,
				558D4CD829A51085006FFF97 /* SignUpView.swift in Sources */,
				558D4CD6299D90E2006FFF97 /* CategoryView.swift in Sources */,
				558D4CDA29A531D9006FFF97 /* MealListView.swift in Sources */,
			);
			runOnlyForDeploymentPostprocessing = 0;
		};
		558D4C9E299AEC6D006FFF97 /* Sources */ = {
			isa = PBXSourcesBuildPhase;
			buildActionMask = 2147483647;
			files = (
				558D4CA7299AEC6D006FFF97 /* MindEatsTests.swift in Sources */,
			);
			runOnlyForDeploymentPostprocessing = 0;
		};
		558D4CA8299AEC6D006FFF97 /* Sources */ = {
			isa = PBXSourcesBuildPhase;
			buildActionMask = 2147483647;
			files = (
				558D4CB3299AEC6D006FFF97 /* MindEatsUITestsLaunchTests.swift in Sources */,
				558D4CB1299AEC6D006FFF97 /* MindEatsUITests.swift in Sources */,
			);
			runOnlyForDeploymentPostprocessing = 0;
		};
/* End PBXSourcesBuildPhase section */

/* Begin PBXTargetDependency section */
		558D4CA4299AEC6D006FFF97 /* PBXTargetDependency */ = {
			isa = PBXTargetDependency;
			target = 558D4C90299AEC6C006FFF97 /* MindEats */;
			targetProxy = 558D4CA3299AEC6D006FFF97 /* PBXContainerItemProxy */;
		};
		558D4CAE299AEC6D006FFF97 /* PBXTargetDependency */ = {
			isa = PBXTargetDependency;
			target = 558D4C90299AEC6C006FFF97 /* MindEats */;
			targetProxy = 558D4CAD299AEC6D006FFF97 /* PBXContainerItemProxy */;
		};
/* End PBXTargetDependency section */

/* Begin XCBuildConfiguration section */
		558D4CB4299AEC6D006FFF97 /* Debug */ = {
			isa = XCBuildConfiguration;
			buildSettings = {
				ALWAYS_SEARCH_USER_PATHS = NO;
				CLANG_ANALYZER_NONNULL = YES;
				CLANG_ANALYZER_NUMBER_OBJECT_CONVERSION = YES_AGGRESSIVE;
				CLANG_CXX_LANGUAGE_STANDARD = "gnu++20";
				CLANG_ENABLE_MODULES = YES;
				CLANG_ENABLE_OBJC_ARC = YES;
				CLANG_ENABLE_OBJC_WEAK = YES;
				CLANG_WARN_BLOCK_CAPTURE_AUTORELEASING = YES;
				CLANG_WARN_BOOL_CONVERSION = YES;
				CLANG_WARN_COMMA = YES;
				CLANG_WARN_CONSTANT_CONVERSION = YES;
				CLANG_WARN_DEPRECATED_OBJC_IMPLEMENTATIONS = YES;
				CLANG_WARN_DIRECT_OBJC_ISA_USAGE = YES_ERROR;
				CLANG_WARN_DOCUMENTATION_COMMENTS = YES;
				CLANG_WARN_EMPTY_BODY = YES;
				CLANG_WARN_ENUM_CONVERSION = YES;
				CLANG_WARN_INFINITE_RECURSION = YES;
				CLANG_WARN_INT_CONVERSION = YES;
				CLANG_WARN_NON_LITERAL_NULL_CONVERSION = YES;
				CLANG_WARN_OBJC_IMPLICIT_RETAIN_SELF = YES;
				CLANG_WARN_OBJC_LITERAL_CONVERSION = YES;
				CLANG_WARN_OBJC_ROOT_CLASS = YES_ERROR;
				CLANG_WARN_QUOTED_INCLUDE_IN_FRAMEWORK_HEADER = YES;
				CLANG_WARN_RANGE_LOOP_ANALYSIS = YES;
				CLANG_WARN_STRICT_PROTOTYPES = YES;
				CLANG_WARN_SUSPICIOUS_MOVE = YES;
				CLANG_WARN_UNGUARDED_AVAILABILITY = YES_AGGRESSIVE;
				CLANG_WARN_UNREACHABLE_CODE = YES;
				CLANG_WARN__DUPLICATE_METHOD_MATCH = YES;
				COPY_PHASE_STRIP = NO;
				DEBUG_INFORMATION_FORMAT = dwarf;
				ENABLE_STRICT_OBJC_MSGSEND = YES;
				ENABLE_TESTABILITY = YES;
				GCC_C_LANGUAGE_STANDARD = gnu11;
				GCC_DYNAMIC_NO_PIC = NO;
				GCC_NO_COMMON_BLOCKS = YES;
				GCC_OPTIMIZATION_LEVEL = 0;
				GCC_PREPROCESSOR_DEFINITIONS = (
					"DEBUG=1",
					"$(inherited)",
				);
				GCC_WARN_64_TO_32_BIT_CONVERSION = YES;
				GCC_WARN_ABOUT_RETURN_TYPE = YES_ERROR;
				GCC_WARN_UNDECLARED_SELECTOR = YES;
				GCC_WARN_UNINITIALIZED_AUTOS = YES_AGGRESSIVE;
				GCC_WARN_UNUSED_FUNCTION = YES;
				GCC_WARN_UNUSED_VARIABLE = YES;
				MTL_ENABLE_DEBUG_INFO = INCLUDE_SOURCE;
				MTL_FAST_MATH = YES;
				ONLY_ACTIVE_ARCH = YES;
				SWIFT_ACTIVE_COMPILATION_CONDITIONS = DEBUG;
				SWIFT_OPTIMIZATION_LEVEL = "-Onone";
			};
			name = Debug;
		};
		558D4CB5299AEC6D006FFF97 /* Release */ = {
			isa = XCBuildConfiguration;
			buildSettings = {
				ALWAYS_SEARCH_USER_PATHS = NO;
				CLANG_ANALYZER_NONNULL = YES;
				CLANG_ANALYZER_NUMBER_OBJECT_CONVERSION = YES_AGGRESSIVE;
				CLANG_CXX_LANGUAGE_STANDARD = "gnu++20";
				CLANG_ENABLE_MODULES = YES;
				CLANG_ENABLE_OBJC_ARC = YES;
				CLANG_ENABLE_OBJC_WEAK = YES;
				CLANG_WARN_BLOCK_CAPTURE_AUTORELEASING = YES;
				CLANG_WARN_BOOL_CONVERSION = YES;
				CLANG_WARN_COMMA = YES;
				CLANG_WARN_CONSTANT_CONVERSION = YES;
				CLANG_WARN_DEPRECATED_OBJC_IMPLEMENTATIONS = YES;
				CLANG_WARN_DIRECT_OBJC_ISA_USAGE = YES_ERROR;
				CLANG_WARN_DOCUMENTATION_COMMENTS = YES;
				CLANG_WARN_EMPTY_BODY = YES;
				CLANG_WARN_ENUM_CONVERSION = YES;
				CLANG_WARN_INFINITE_RECURSION = YES;
				CLANG_WARN_INT_CONVERSION = YES;
				CLANG_WARN_NON_LITERAL_NULL_CONVERSION = YES;
				CLANG_WARN_OBJC_IMPLICIT_RETAIN_SELF = YES;
				CLANG_WARN_OBJC_LITERAL_CONVERSION = YES;
				CLANG_WARN_OBJC_ROOT_CLASS = YES_ERROR;
				CLANG_WARN_QUOTED_INCLUDE_IN_FRAMEWORK_HEADER = YES;
				CLANG_WARN_RANGE_LOOP_ANALYSIS = YES;
				CLANG_WARN_STRICT_PROTOTYPES = YES;
				CLANG_WARN_SUSPICIOUS_MOVE = YES;
				CLANG_WARN_UNGUARDED_AVAILABILITY = YES_AGGRESSIVE;
				CLANG_WARN_UNREACHABLE_CODE = YES;
				CLANG_WARN__DUPLICATE_METHOD_MATCH = YES;
				COPY_PHASE_STRIP = NO;
				DEBUG_INFORMATION_FORMAT = "dwarf-with-dsym";
				ENABLE_NS_ASSERTIONS = NO;
				ENABLE_STRICT_OBJC_MSGSEND = YES;
				GCC_C_LANGUAGE_STANDARD = gnu11;
				GCC_NO_COMMON_BLOCKS = YES;
				GCC_WARN_64_TO_32_BIT_CONVERSION = YES;
				GCC_WARN_ABOUT_RETURN_TYPE = YES_ERROR;
				GCC_WARN_UNDECLARED_SELECTOR = YES;
				GCC_WARN_UNINITIALIZED_AUTOS = YES_AGGRESSIVE;
				GCC_WARN_UNUSED_FUNCTION = YES;
				GCC_WARN_UNUSED_VARIABLE = YES;
				MTL_ENABLE_DEBUG_INFO = NO;
				MTL_FAST_MATH = YES;
				SWIFT_COMPILATION_MODE = wholemodule;
				SWIFT_OPTIMIZATION_LEVEL = "-O";
			};
			name = Release;
		};
		558D4CB7299AEC6D006FFF97 /* Debug */ = {
			isa = XCBuildConfiguration;
			buildSettings = {
				ASSETCATALOG_COMPILER_APPICON_NAME = AppIcon;
				ASSETCATALOG_COMPILER_GLOBAL_ACCENT_COLOR_NAME = AccentColor;
				CODE_SIGN_ENTITLEMENTS = MindEats/MindEats.entitlements;
				CODE_SIGN_STYLE = Automatic;
				CURRENT_PROJECT_VERSION = 1;
				DEVELOPMENT_ASSET_PATHS = "\"MindEats/Preview Content\"";
				DEVELOPMENT_TEAM = YQKQ6M73X5;
				ENABLE_PREVIEWS = YES;
				GENERATE_INFOPLIST_FILE = YES;
				"INFOPLIST_KEY_UIApplicationSceneManifest_Generation[sdk=iphoneos*]" = YES;
				"INFOPLIST_KEY_UIApplicationSceneManifest_Generation[sdk=iphonesimulator*]" = YES;
				"INFOPLIST_KEY_UIApplicationSupportsIndirectInputEvents[sdk=iphoneos*]" = YES;
				"INFOPLIST_KEY_UIApplicationSupportsIndirectInputEvents[sdk=iphonesimulator*]" = YES;
				"INFOPLIST_KEY_UILaunchScreen_Generation[sdk=iphoneos*]" = YES;
				"INFOPLIST_KEY_UILaunchScreen_Generation[sdk=iphonesimulator*]" = YES;
				INFOPLIST_KEY_UILaunchStoryboardName = c;
				"INFOPLIST_KEY_UIStatusBarStyle[sdk=iphoneos*]" = UIStatusBarStyleDefault;
				"INFOPLIST_KEY_UIStatusBarStyle[sdk=iphonesimulator*]" = UIStatusBarStyleDefault;
				INFOPLIST_KEY_UISupportedInterfaceOrientations_iPad = "UIInterfaceOrientationPortrait UIInterfaceOrientationPortraitUpsideDown UIInterfaceOrientationLandscapeLeft UIInterfaceOrientationLandscapeRight";
				INFOPLIST_KEY_UISupportedInterfaceOrientations_iPhone = "UIInterfaceOrientationPortrait UIInterfaceOrientationLandscapeLeft UIInterfaceOrientationLandscapeRight";
				IPHONEOS_DEPLOYMENT_TARGET = 16.1;
				LD_RUNPATH_SEARCH_PATHS = "@executable_path/Frameworks";
				"LD_RUNPATH_SEARCH_PATHS[sdk=macosx*]" = "@executable_path/../Frameworks";
				MACOSX_DEPLOYMENT_TARGET = 13.1;
				MARKETING_VERSION = 1.0;
				PRODUCT_BUNDLE_IDENTIFIER = com.MindEats;
				PRODUCT_NAME = "$(TARGET_NAME)";
				SDKROOT = auto;
				SUPPORTED_PLATFORMS = "iphoneos iphonesimulator macosx";
				SWIFT_EMIT_LOC_STRINGS = YES;
				SWIFT_VERSION = 5.0;
				TARGETED_DEVICE_FAMILY = "1,2";
			};
			name = Debug;
		};
		558D4CB8299AEC6D006FFF97 /* Release */ = {
			isa = XCBuildConfiguration;
			buildSettings = {
				ASSETCATALOG_COMPILER_APPICON_NAME = AppIcon;
				ASSETCATALOG_COMPILER_GLOBAL_ACCENT_COLOR_NAME = AccentColor;
				CODE_SIGN_ENTITLEMENTS = MindEats/MindEats.entitlements;
				CODE_SIGN_STYLE = Automatic;
				CURRENT_PROJECT_VERSION = 1;
				DEVELOPMENT_ASSET_PATHS = "\"MindEats/Preview Content\"";
				DEVELOPMENT_TEAM = YQKQ6M73X5;
				ENABLE_PREVIEWS = YES;
				GENERATE_INFOPLIST_FILE = YES;
				"INFOPLIST_KEY_UIApplicationSceneManifest_Generation[sdk=iphoneos*]" = YES;
				"INFOPLIST_KEY_UIApplicationSceneManifest_Generation[sdk=iphonesimulator*]" = YES;
				"INFOPLIST_KEY_UIApplicationSupportsIndirectInputEvents[sdk=iphoneos*]" = YES;
				"INFOPLIST_KEY_UIApplicationSupportsIndirectInputEvents[sdk=iphonesimulator*]" = YES;
				"INFOPLIST_KEY_UILaunchScreen_Generation[sdk=iphoneos*]" = YES;
				"INFOPLIST_KEY_UILaunchScreen_Generation[sdk=iphonesimulator*]" = YES;
				INFOPLIST_KEY_UILaunchStoryboardName = c;
				"INFOPLIST_KEY_UIStatusBarStyle[sdk=iphoneos*]" = UIStatusBarStyleDefault;
				"INFOPLIST_KEY_UIStatusBarStyle[sdk=iphonesimulator*]" = UIStatusBarStyleDefault;
				INFOPLIST_KEY_UISupportedInterfaceOrientations_iPad = "UIInterfaceOrientationPortrait UIInterfaceOrientationPortraitUpsideDown UIInterfaceOrientationLandscapeLeft UIInterfaceOrientationLandscapeRight";
				INFOPLIST_KEY_UISupportedInterfaceOrientations_iPhone = "UIInterfaceOrientationPortrait UIInterfaceOrientationLandscapeLeft UIInterfaceOrientationLandscapeRight";
				IPHONEOS_DEPLOYMENT_TARGET = 16.1;
				LD_RUNPATH_SEARCH_PATHS = "@executable_path/Frameworks";
				"LD_RUNPATH_SEARCH_PATHS[sdk=macosx*]" = "@executable_path/../Frameworks";
				MACOSX_DEPLOYMENT_TARGET = 13.1;
				MARKETING_VERSION = 1.0;
				PRODUCT_BUNDLE_IDENTIFIER = com.MindEats;
				PRODUCT_NAME = "$(TARGET_NAME)";
				SDKROOT = auto;
				SUPPORTED_PLATFORMS = "iphoneos iphonesimulator macosx";
				SWIFT_EMIT_LOC_STRINGS = YES;
				SWIFT_VERSION = 5.0;
				TARGETED_DEVICE_FAMILY = "1,2";
			};
			name = Release;
		};
		558D4CBA299AEC6D006FFF97 /* Debug */ = {
			isa = XCBuildConfiguration;
			buildSettings = {
				ALWAYS_EMBED_SWIFT_STANDARD_LIBRARIES = YES;
				BUNDLE_LOADER = "$(TEST_HOST)";
				CODE_SIGN_STYLE = Automatic;
				CURRENT_PROJECT_VERSION = 1;
				GENERATE_INFOPLIST_FILE = YES;
				IPHONEOS_DEPLOYMENT_TARGET = 16.2;
				MACOSX_DEPLOYMENT_TARGET = 13.1;
				MARKETING_VERSION = 1.0;
				PRODUCT_BUNDLE_IDENTIFIER = com.MindEatsTests;
				PRODUCT_NAME = "$(TARGET_NAME)";
				SDKROOT = auto;
				SUPPORTED_PLATFORMS = "iphoneos iphonesimulator macosx";
				SWIFT_EMIT_LOC_STRINGS = NO;
				SWIFT_VERSION = 5.0;
				TARGETED_DEVICE_FAMILY = "1,2";
				TEST_HOST = "$(BUILT_PRODUCTS_DIR)/MindEats.app/$(BUNDLE_EXECUTABLE_FOLDER_PATH)/MindEats";
			};
			name = Debug;
		};
		558D4CBB299AEC6D006FFF97 /* Release */ = {
			isa = XCBuildConfiguration;
			buildSettings = {
				ALWAYS_EMBED_SWIFT_STANDARD_LIBRARIES = YES;
				BUNDLE_LOADER = "$(TEST_HOST)";
				CODE_SIGN_STYLE = Automatic;
				CURRENT_PROJECT_VERSION = 1;
				GENERATE_INFOPLIST_FILE = YES;
				IPHONEOS_DEPLOYMENT_TARGET = 16.2;
				MACOSX_DEPLOYMENT_TARGET = 13.1;
				MARKETING_VERSION = 1.0;
				PRODUCT_BUNDLE_IDENTIFIER = com.MindEatsTests;
				PRODUCT_NAME = "$(TARGET_NAME)";
				SDKROOT = auto;
				SUPPORTED_PLATFORMS = "iphoneos iphonesimulator macosx";
				SWIFT_EMIT_LOC_STRINGS = NO;
				SWIFT_VERSION = 5.0;
				TARGETED_DEVICE_FAMILY = "1,2";
				TEST_HOST = "$(BUILT_PRODUCTS_DIR)/MindEats.app/$(BUNDLE_EXECUTABLE_FOLDER_PATH)/MindEats";
			};
			name = Release;
		};
		558D4CBD299AEC6D006FFF97 /* Debug */ = {
			isa = XCBuildConfiguration;
			buildSettings = {
				ALWAYS_EMBED_SWIFT_STANDARD_LIBRARIES = YES;
				CODE_SIGN_STYLE = Automatic;
				CURRENT_PROJECT_VERSION = 1;
				GENERATE_INFOPLIST_FILE = YES;
				IPHONEOS_DEPLOYMENT_TARGET = 16.2;
				MACOSX_DEPLOYMENT_TARGET = 13.1;
				MARKETING_VERSION = 1.0;
				PRODUCT_BUNDLE_IDENTIFIER = com.MindEatsUITests;
				PRODUCT_NAME = "$(TARGET_NAME)";
				SDKROOT = auto;
				SUPPORTED_PLATFORMS = "iphoneos iphonesimulator macosx";
				SWIFT_EMIT_LOC_STRINGS = NO;
				SWIFT_VERSION = 5.0;
				TARGETED_DEVICE_FAMILY = "1,2";
				TEST_TARGET_NAME = MindEats;
			};
			name = Debug;
		};
		558D4CBE299AEC6D006FFF97 /* Release */ = {
			isa = XCBuildConfiguration;
			buildSettings = {
				ALWAYS_EMBED_SWIFT_STANDARD_LIBRARIES = YES;
				CODE_SIGN_STYLE = Automatic;
				CURRENT_PROJECT_VERSION = 1;
				GENERATE_INFOPLIST_FILE = YES;
				IPHONEOS_DEPLOYMENT_TARGET = 16.2;
				MACOSX_DEPLOYMENT_TARGET = 13.1;
				MARKETING_VERSION = 1.0;
				PRODUCT_BUNDLE_IDENTIFIER = com.MindEatsUITests;
				PRODUCT_NAME = "$(TARGET_NAME)";
				SDKROOT = auto;
				SUPPORTED_PLATFORMS = "iphoneos iphonesimulator macosx";
				SWIFT_EMIT_LOC_STRINGS = NO;
				SWIFT_VERSION = 5.0;
				TARGETED_DEVICE_FAMILY = "1,2";
				TEST_TARGET_NAME = MindEats;
			};
			name = Release;
		};
/* End XCBuildConfiguration section */

/* Begin XCConfigurationList section */
		558D4C8C299AEC6C006FFF97 /* Build configuration list for PBXProject "MindEats" */ = {
			isa = XCConfigurationList;
			buildConfigurations = (
				558D4CB4299AEC6D006FFF97 /* Debug */,
				558D4CB5299AEC6D006FFF97 /* Release */,
			);
			defaultConfigurationIsVisible = 0;
			defaultConfigurationName = Release;
		};
		558D4CB6299AEC6D006FFF97 /* Build configuration list for PBXNativeTarget "MindEats" */ = {
			isa = XCConfigurationList;
			buildConfigurations = (
				558D4CB7299AEC6D006FFF97 /* Debug */,
				558D4CB8299AEC6D006FFF97 /* Release */,
			);
			defaultConfigurationIsVisible = 0;
			defaultConfigurationName = Release;
		};
		558D4CB9299AEC6D006FFF97 /* Build configuration list for PBXNativeTarget "MindEatsTests" */ = {
			isa = XCConfigurationList;
			buildConfigurations = (
				558D4CBA299AEC6D006FFF97 /* Debug */,
				558D4CBB299AEC6D006FFF97 /* Release */,
			);
			defaultConfigurationIsVisible = 0;
			defaultConfigurationName = Release;
		};
		558D4CBC299AEC6D006FFF97 /* Build configuration list for PBXNativeTarget "MindEatsUITests" */ = {
			isa = XCConfigurationList;
			buildConfigurations = (
				558D4CBD299AEC6D006FFF97 /* Debug */,
				558D4CBE299AEC6D006FFF97 /* Release */,
			);
			defaultConfigurationIsVisible = 0;
			defaultConfigurationName = Release;
		};
/* End XCConfigurationList section */
	};
	rootObject = 558D4C89299AEC6C006FFF97 /* Project object */;
}
